
Microsoft Visual Studio Solution File, Format Version 12.00
Project("{FAE04EC0-301F-11D3-BF4B-00C04F79EFBC}") = "BlazorDometrainCourse", "BlazorDometrainCourse\BlazorDometrainCourse.csproj", "{6A3F728B-9F60-4D8C-9A61-399055512784}"
EndProject
Project("{FAE04EC0-301F-11D3-BF4B-00C04F79EFBC}") = "BlazorDometrainCourse.Client", "BlazorDometrainCourse.Client\BlazorDometrainCourse.Client.csproj", "{978C9FE8-233E-4C18-9FF4-E7F1AC9E1502}"
EndProject
Project("{FAE04EC0-301F-11D3-BF4B-00C04F79EFBC}") = "BlazorDometrainCourse.Services", "BlazorDometrainCourse.Services\BlazorDometrainCourse.Services.csproj", "{772DCDDB-05A2-414D-B13A-4DBD7975B209}"
EndProject
Global
	GlobalSection(SolutionConfigurationPlatforms) = preSolution
		Debug|Any CPU = Debug|Any CPU
		Release|Any CPU = Release|Any CPU
	EndGlobalSection
	GlobalSection(ProjectConfigurationPlatforms) = postSolution
		{6A3F728B-9F60-4D8C-9A61-399055512784}.Debug|Any CPU.ActiveCfg = Debug|Any CPU
		{6A3F728B-9F60-4D8C-9A61-399055512784}.Debug|Any CPU.Build.0 = Debug|Any CPU
		{6A3F728B-9F60-4D8C-9A61-399055512784}.Release|Any CPU.ActiveCfg = Release|Any CPU
		{6A3F728B-9F60-4D8C-9A61-399055512784}.Release|Any CPU.Build.0 = Release|Any CPU
		{978C9FE8-233E-4C18-9FF4-E7F1AC9E1502}.Debug|Any CPU.ActiveCfg = Debug|Any CPU
		{978C9FE8-233E-4C18-9FF4-E7F1AC9E1502}.Debug|Any CPU.Build.0 = Debug|Any CPU
		{978C9FE8-233E-4C18-9FF4-E7F1AC9E1502}.Release|Any CPU.ActiveCfg = Release|Any CPU
		{978C9FE8-233E-4C18-9FF4-E7F1AC9E1502}.Release|Any CPU.Build.0 = Release|Any CPU
		{772DCDDB-05A2-414D-B13A-4DBD7975B209}.Debug|Any CPU.ActiveCfg = Debug|Any CPU
		{772DCDDB-05A2-414D-B13A-4DBD7975B209}.Debug|Any CPU.Build.0 = Debug|Any CPU
		{772DCDDB-05A2-414D-B13A-4DBD7975B209}.Release|Any CPU.ActiveCfg = Release|Any CPU
		{772DCDDB-05A2-414D-B13A-4DBD7975B209}.Release|Any CPU.Build.0 = Release|Any CPU
	EndGlobalSection
EndGlobal
