
Microsoft Visual Studio Solution File, Format Version 12.00
Project("{FAE04EC0-301F-11D3-BF4B-00C04F79EFBC}") = "MinimalAPI-Simon", "MinimalAPI-Simon\MinimalAPI-Simon.csproj", "{4E4F5F1D-E083-4321-AAE2-AA32F729A7BE}"
EndProject
Global
	GlobalSection(SolutionConfigurationPlatforms) = preSolution
		Debug|Any CPU = Debug|Any CPU
		Release|Any CPU = Release|Any CPU
	EndGlobalSection
	GlobalSection(ProjectConfigurationPlatforms) = postSolution
		{4E4F5F1D-E083-4321-AAE2-AA32F729A7BE}.Debug|Any CPU.ActiveCfg = Debug|Any CPU
		{4E4F5F1D-E083-4321-AAE2-AA32F729A7BE}.Debug|Any CPU.Build.0 = Debug|Any CPU
		{4E4F5F1D-E083-4321-AAE2-AA32F729A7BE}.Release|Any CPU.ActiveCfg = Release|Any CPU
		{4E4F5F1D-E083-4321-AAE2-AA32F729A7BE}.Release|Any CPU.Build.0 = Release|Any CPU
	EndGlobalSection
EndGlobal
